// !$*UTF8*$!
{
	archiveVersion = 1;
	classes = {
	};
	objectVersion = 50;
	objects = {

/* Begin PBXBuildFile section */
		4C9B7E9026289716000F02AA /* AppDelegate.swift in Sources */ = {isa = PBXBuildFile; fileRef = 4C9B7E8F26289716000F02AA /* AppDelegate.swift */; };
		4C9B7E9226289716000F02AA /* SceneDelegate.swift in Sources */ = {isa = PBXBuildFile; fileRef = 4C9B7E9126289716000F02AA /* SceneDelegate.swift */; };
		4C9B7E9426289716000F02AA /* ViewController.swift in Sources */ = {isa = PBXBuildFile; fileRef = 4C9B7E9326289716000F02AA /* ViewController.swift */; };
		4C9B7E9726289716000F02AA /* Main.storyboard in Resources */ = {isa = PBXBuildFile; fileRef = 4C9B7E9526289716000F02AA /* Main.storyboard */; };
		4C9B7E992628971A000F02AA /* Assets.xcassets in Resources */ = {isa = PBXBuildFile; fileRef = 4C9B7E982628971A000F02AA /* Assets.xcassets */; };
		4C9B7E9C2628971A000F02AA /* LaunchScreen.storyboard in Resources */ = {isa = PBXBuildFile; fileRef = 4C9B7E9A2628971A000F02AA /* LaunchScreen.storyboard */; };
		4C9B7EAD2629C5C9000F02AA /* UserDefaultsManager.swift in Sources */ = {isa = PBXBuildFile; fileRef = 4C9B7EAC2629C5C9000F02AA /* UserDefaultsManager.swift */; };
		4C9B7EB02629C683000F02AA /* Constants.swift in Sources */ = {isa = PBXBuildFile; fileRef = 4C9B7EAF2629C683000F02AA /* Constants.swift */; };
		4C9B7EB32629C775000F02AA /* APIManager.swift in Sources */ = {isa = PBXBuildFile; fileRef = 4C9B7EB22629C775000F02AA /* APIManager.swift */; };
		4C9B7EB72629C807000F02AA /* RepositoryModel.swift in Sources */ = {isa = PBXBuildFile; fileRef = 4C9B7EB62629C807000F02AA /* RepositoryModel.swift */; };
		4C9B7EBB2629C818000F02AA /* CommitsModel.swift in Sources */ = {isa = PBXBuildFile; fileRef = 4C9B7EBA2629C818000F02AA /* CommitsModel.swift */; };
		4C9B7EC02629D730000F02AA /* Extensions.swift in Sources */ = {isa = PBXBuildFile; fileRef = 4C9B7EBF2629D730000F02AA /* Extensions.swift */; };
/* End PBXBuildFile section */

/* Begin PBXFileReference section */
		4C9B7E8C26289716000F02AA /* GitHubSearchTask.app */ = {isa = PBXFileReference; explicitFileType = wrapper.application; includeInIndex = 0; path = GitHubSearchTask.app; sourceTree = BUILT_PRODUCTS_DIR; };
		4C9B7E8F26289716000F02AA /* AppDelegate.swift */ = {isa = PBXFileReference; lastKnownFileType = sourcecode.swift; path = AppDelegate.swift; sourceTree = "<group>"; };
		4C9B7E9126289716000F02AA /* SceneDelegate.swift */ = {isa = PBXFileReference; lastKnownFileType = sourcecode.swift; path = SceneDelegate.swift; sourceTree = "<group>"; };
		4C9B7E9326289716000F02AA /* ViewController.swift */ = {isa = PBXFileReference; lastKnownFileType = sourcecode.swift; path = ViewController.swift; sourceTree = "<group>"; };
		4C9B7E9626289716000F02AA /* Base */ = {isa = PBXFileReference; lastKnownFileType = file.storyboard; name = Base; path = Base.lproj/Main.storyboard; sourceTree = "<group>"; };
		4C9B7E982628971A000F02AA /* Assets.xcassets */ = {isa = PBXFileReference; lastKnownFileType = folder.assetcatalog; path = Assets.xcassets; sourceTree = "<group>"; };
		4C9B7E9B2628971A000F02AA /* Base */ = {isa = PBXFileReference; lastKnownFileType = file.storyboard; name = Base; path = Base.lproj/LaunchScreen.storyboard; sourceTree = "<group>"; };
		4C9B7E9D2628971A000F02AA /* Info.plist */ = {isa = PBXFileReference; lastKnownFileType = text.plist.xml; path = Info.plist; sourceTree = "<group>"; };
		4C9B7EAC2629C5C9000F02AA /* UserDefaultsManager.swift */ = {isa = PBXFileReference; lastKnownFileType = sourcecode.swift; path = UserDefaultsManager.swift; sourceTree = "<group>"; };
		4C9B7EAF2629C683000F02AA /* Constants.swift */ = {isa = PBXFileReference; lastKnownFileType = sourcecode.swift; path = Constants.swift; sourceTree = "<group>"; };
		4C9B7EB22629C775000F02AA /* APIManager.swift */ = {isa = PBXFileReference; lastKnownFileType = sourcecode.swift; path = APIManager.swift; sourceTree = "<group>"; };
		4C9B7EB62629C807000F02AA /* RepositoryModel.swift */ = {isa = PBXFileReference; lastKnownFileType = sourcecode.swift; path = RepositoryModel.swift; sourceTree = "<group>"; };
		4C9B7EBA2629C818000F02AA /* CommitsModel.swift */ = {isa = PBXFileReference; lastKnownFileType = sourcecode.swift; path = CommitsModel.swift; sourceTree = "<group>"; };
		4C9B7EBF2629D730000F02AA /* Extensions.swift */ = {isa = PBXFileReference; lastKnownFileType = sourcecode.swift; path = Extensions.swift; sourceTree = "<group>"; };
/* End PBXFileReference section */

/* Begin PBXFrameworksBuildPhase section */
		4C9B7E8926289716000F02AA /* Frameworks */ = {
			isa = PBXFrameworksBuildPhase;
			buildActionMask = 2147483647;
			files = (
			);
			runOnlyForDeploymentPostprocessing = 0;
		};
/* End PBXFrameworksBuildPhase section */

/* Begin PBXGroup section */
		4C9B7E8326289716000F02AA = {
			isa = PBXGroup;
			children = (
				4C9B7E8E26289716000F02AA /* GitHubSearchTask */,
				4C9B7E8D26289716000F02AA /* Products */,
			);
			sourceTree = "<group>";
		};
		4C9B7E8D26289716000F02AA /* Products */ = {
			isa = PBXGroup;
			children = (
				4C9B7E8C26289716000F02AA /* GitHubSearchTask.app */,
			);
			name = Products;
			sourceTree = "<group>";
		};
		4C9B7E8E26289716000F02AA /* GitHubSearchTask */ = {
			isa = PBXGroup;
			children = (
				4C9B7EBE2629D70E000F02AA /* Extensions */,
				4C9B7EB52629C7F1000F02AA /* Model */,
				4C9B7EAB2629C5A2000F02AA /* Services */,
				4C9B7EAA2629C56F000F02AA /* Network */,
				4C9B7EA92629C553000F02AA /* Utilities */,
				4C9B7EA82629C518000F02AA /* Views */,
				4C9B7EA72629C3DD000F02AA /* AppSetting */,
				4C9B7E9326289716000F02AA /* ViewController.swift */,
				4C9B7E9D2628971A000F02AA /* Info.plist */,
			);
			path = GitHubSearchTask;
			sourceTree = "<group>";
		};
		4C9B7EA72629C3DD000F02AA /* AppSetting */ = {
			isa = PBXGroup;
			children = (
				4C9B7E8F26289716000F02AA /* AppDelegate.swift */,
				4C9B7E982628971A000F02AA /* Assets.xcassets */,
				4C9B7E9126289716000F02AA /* SceneDelegate.swift */,
			);
			path = AppSetting;
			sourceTree = "<group>";
		};
		4C9B7EA82629C518000F02AA /* Views */ = {
			isa = PBXGroup;
			children = (
				4C9B7E9526289716000F02AA /* Main.storyboard */,
				4C9B7E9A2628971A000F02AA /* LaunchScreen.storyboard */,
			);
			path = Views;
			sourceTree = "<group>";
		};
		4C9B7EA92629C553000F02AA /* Utilities */ = {
			isa = PBXGroup;
			children = (
				4C9B7EAF2629C683000F02AA /* Constants.swift */,
			);
			path = Utilities;
			sourceTree = "<group>";
		};
		4C9B7EAA2629C56F000F02AA /* Network */ = {
			isa = PBXGroup;
			children = (
				4C9B7EB22629C775000F02AA /* APIManager.swift */,
			);
			path = Network;
			sourceTree = "<group>";
		};
		4C9B7EAB2629C5A2000F02AA /* Services */ = {
			isa = PBXGroup;
			children = (
				4C9B7EAC2629C5C9000F02AA /* UserDefaultsManager.swift */,
			);
			path = Services;
			sourceTree = "<group>";
		};
		4C9B7EB52629C7F1000F02AA /* Model */ = {
			isa = PBXGroup;
			children = (
				4C9B7EB62629C807000F02AA /* RepositoryModel.swift */,
				4C9B7EBA2629C818000F02AA /* CommitsModel.swift */,
			);
			path = Model;
			sourceTree = "<group>";
		};
		4C9B7EBE2629D70E000F02AA /* Extensions */ = {
			isa = PBXGroup;
			children = (
				4C9B7EBF2629D730000F02AA /* Extensions.swift */,
			);
			path = Extensions;
			sourceTree = "<group>";
		};
/* End PBXGroup section */

/* Begin PBXNativeTarget section */
		4C9B7E8B26289716000F02AA /* GitHubSearchTask */ = {
			isa = PBXNativeTarget;
			buildConfigurationList = 4C9B7EA02628971A000F02AA /* Build configuration list for PBXNativeTarget "GitHubSearchTask" */;
			buildPhases = (
				4C9B7E8826289716000F02AA /* Sources */,
				4C9B7E8926289716000F02AA /* Frameworks */,
				4C9B7E8A26289716000F02AA /* Resources */,
			);
			buildRules = (
			);
			dependencies = (
			);
			name = GitHubSearchTask;
			productName = GitHubSearchTask;
			productReference = 4C9B7E8C26289716000F02AA /* GitHubSearchTask.app */;
			productType = "com.apple.product-type.application";
		};
/* End PBXNativeTarget section */

/* Begin PBXProject section */
		4C9B7E8426289716000F02AA /* Project object */ = {
			isa = PBXProject;
			attributes = {
				LastSwiftUpdateCheck = 1220;
				LastUpgradeCheck = 1220;
				TargetAttributes = {
					4C9B7E8B26289716000F02AA = {
						CreatedOnToolsVersion = 12.2;
					};
				};
			};
			buildConfigurationList = 4C9B7E8726289716000F02AA /* Build configuration list for PBXProject "GitHubSearchTask" */;
			compatibilityVersion = "Xcode 9.3";
			developmentRegion = en;
			hasScannedForEncodings = 0;
			knownRegions = (
				en,
				Base,
			);
			mainGroup = 4C9B7E8326289716000F02AA;
			productRefGroup = 4C9B7E8D26289716000F02AA /* Products */;
			projectDirPath = "";
			projectRoot = "";
			targets = (
				4C9B7E8B26289716000F02AA /* GitHubSearchTask */,
			);
		};
/* End PBXProject section */

/* Begin PBXResourcesBuildPhase section */
		4C9B7E8A26289716000F02AA /* Resources */ = {
			isa = PBXResourcesBuildPhase;
			buildActionMask = 2147483647;
			files = (
				4C9B7E9C2628971A000F02AA /* LaunchScreen.storyboard in Resources */,
				4C9B7E992628971A000F02AA /* Assets.xcassets in Resources */,
				4C9B7E9726289716000F02AA /* Main.storyboard in Resources */,
			);
			runOnlyForDeploymentPostprocessing = 0;
		};
/* End PBXResourcesBuildPhase section */

/* Begin PBXSourcesBuildPhase section */
		4C9B7E8826289716000F02AA /* Sources */ = {
			isa = PBXSourcesBuildPhase;
			buildActionMask = 2147483647;
			files = (
				4C9B7EB32629C775000F02AA /* APIManager.swift in Sources */,
				4C9B7EC02629D730000F02AA /* Extensions.swift in Sources */,
				4C9B7EB02629C683000F02AA /* Constants.swift in Sources */,
				4C9B7EBB2629C818000F02AA /* CommitsModel.swift in Sources */,
				4C9B7E9426289716000F02AA /* ViewController.swift in Sources */,
				4C9B7E9026289716000F02AA /* AppDelegate.swift in Sources */,
				4C9B7EAD2629C5C9000F02AA /* UserDefaultsManager.swift in Sources */,
				4C9B7EB72629C807000F02AA /* RepositoryModel.swift in Sources */,
				4C9B7E9226289716000F02AA /* SceneDelegate.swift in Sources */,
			);
			runOnlyForDeploymentPostprocessing = 0;
		};
/* End PBXSourcesBuildPhase section */

/* Begin PBXVariantGroup section */
		4C9B7E9526289716000F02AA /* Main.storyboard */ = {
			isa = PBXVariantGroup;
			children = (
				4C9B7E9626289716000F02AA /* Base */,
			);
			name = Main.storyboard;
			sourceTree = "<group>";
		};
		4C9B7E9A2628971A000F02AA /* LaunchScreen.storyboard */ = {
			isa = PBXVariantGroup;
			children = (
				4C9B7E9B2628971A000F02AA /* Base */,
			);
			name = LaunchScreen.storyboard;
			sourceTree = "<group>";
		};
/* End PBXVariantGroup section */

/* Begin XCBuildConfiguration section */
		4C9B7E9E2628971A000F02AA /* Debug */ = {
			isa = XCBuildConfiguration;
			buildSettings = {
				ALWAYS_SEARCH_USER_PATHS = NO;
				CLANG_ANALYZER_NONNULL = YES;
				CLANG_ANALYZER_NUMBER_OBJECT_CONVERSION = YES_AGGRESSIVE;
				CLANG_CXX_LANGUAGE_STANDARD = "gnu++14";
				CLANG_CXX_LIBRARY = "libc++";
				CLANG_ENABLE_MODULES = YES;
				CLANG_ENABLE_OBJC_ARC = YES;
				CLANG_ENABLE_OBJC_WEAK = YES;
				CLANG_WARN_BLOCK_CAPTURE_AUTORELEASING = YES;
				CLANG_WARN_BOOL_CONVERSION = YES;
				CLANG_WARN_COMMA = YES;
				CLANG_WARN_CONSTANT_CONVERSION = YES;
				CLANG_WARN_DEPRECATED_OBJC_IMPLEMENTATIONS = YES;
				CLANG_WARN_DIRECT_OBJC_ISA_USAGE = YES_ERROR;
				CLANG_WARN_DOCUMENTATION_COMMENTS = YES;
				CLANG_WARN_EMPTY_BODY = YES;
				CLANG_WARN_ENUM_CONVERSION = YES;
				CLANG_WARN_INFINITE_RECURSION = YES;
				CLANG_WARN_INT_CONVERSION = YES;
				CLANG_WARN_NON_LITERAL_NULL_CONVERSION = YES;
				CLANG_WARN_OBJC_IMPLICIT_RETAIN_SELF = YES;
				CLANG_WARN_OBJC_LITERAL_CONVERSION = YES;
				CLANG_WARN_OBJC_ROOT_CLASS = YES_ERROR;
				CLANG_WARN_QUOTED_INCLUDE_IN_FRAMEWORK_HEADER = YES;
				CLANG_WARN_RANGE_LOOP_ANALYSIS = YES;
				CLANG_WARN_STRICT_PROTOTYPES = YES;
				CLANG_WARN_SUSPICIOUS_MOVE = YES;
				CLANG_WARN_UNGUARDED_AVAILABILITY = YES_AGGRESSIVE;
				CLANG_WARN_UNREACHABLE_CODE = YES;
				CLANG_WARN__DUPLICATE_METHOD_MATCH = YES;
				COPY_PHASE_STRIP = NO;
				DEBUG_INFORMATION_FORMAT = dwarf;
				ENABLE_STRICT_OBJC_MSGSEND = YES;
				ENABLE_TESTABILITY = YES;
				GCC_C_LANGUAGE_STANDARD = gnu11;
				GCC_DYNAMIC_NO_PIC = NO;
				GCC_NO_COMMON_BLOCKS = YES;
				GCC_OPTIMIZATION_LEVEL = 0;
				GCC_PREPROCESSOR_DEFINITIONS = (
					"DEBUG=1",
					"$(inherited)",
				);
				GCC_WARN_64_TO_32_BIT_CONVERSION = YES;
				GCC_WARN_ABOUT_RETURN_TYPE = YES_ERROR;
				GCC_WARN_UNDECLARED_SELECTOR = YES;
				GCC_WARN_UNINITIALIZED_AUTOS = YES_AGGRESSIVE;
				GCC_WARN_UNUSED_FUNCTION = YES;
				GCC_WARN_UNUSED_VARIABLE = YES;
				IPHONEOS_DEPLOYMENT_TARGET = 14.2;
				MTL_ENABLE_DEBUG_INFO = INCLUDE_SOURCE;
				MTL_FAST_MATH = YES;
				ONLY_ACTIVE_ARCH = YES;
				SDKROOT = iphoneos;
				SWIFT_ACTIVE_COMPILATION_CONDITIONS = DEBUG;
				SWIFT_OPTIMIZATION_LEVEL = "-Onone";
			};
			name = Debug;
		};
		4C9B7E9F2628971A000F02AA /* Release */ = {
			isa = XCBuildConfiguration;
			buildSettings = {
				ALWAYS_SEARCH_USER_PATHS = NO;
				CLANG_ANALYZER_NONNULL = YES;
				CLANG_ANALYZER_NUMBER_OBJECT_CONVERSION = YES_AGGRESSIVE;
				CLANG_CXX_LANGUAGE_STANDARD = "gnu++14";
				CLANG_CXX_LIBRARY = "libc++";
				CLANG_ENABLE_MODULES = YES;
				CLANG_ENABLE_OBJC_ARC = YES;
				CLANG_ENABLE_OBJC_WEAK = YES;
				CLANG_WARN_BLOCK_CAPTURE_AUTORELEASING = YES;
				CLANG_WARN_BOOL_CONVERSION = YES;
				CLANG_WARN_COMMA = YES;
				CLANG_WARN_CONSTANT_CONVERSION = YES;
				CLANG_WARN_DEPRECATED_OBJC_IMPLEMENTATIONS = YES;
				CLANG_WARN_DIRECT_OBJC_ISA_USAGE = YES_ERROR;
				CLANG_WARN_DOCUMENTATION_COMMENTS = YES;
				CLANG_WARN_EMPTY_BODY = YES;
				CLANG_WARN_ENUM_CONVERSION = YES;
				CLANG_WARN_INFINITE_RECURSION = YES;
				CLANG_WARN_INT_CONVERSION = YES;
				CLANG_WARN_NON_LITERAL_NULL_CONVERSION = YES;
				CLANG_WARN_OBJC_IMPLICIT_RETAIN_SELF = YES;
				CLANG_WARN_OBJC_LITERAL_CONVERSION = YES;
				CLANG_WARN_OBJC_ROOT_CLASS = YES_ERROR;
				CLANG_WARN_QUOTED_INCLUDE_IN_FRAMEWORK_HEADER = YES;
				CLANG_WARN_RANGE_LOOP_ANALYSIS = YES;
				CLANG_WARN_STRICT_PROTOTYPES = YES;
				CLANG_WARN_SUSPICIOUS_MOVE = YES;
				CLANG_WARN_UNGUARDED_AVAILABILITY = YES_AGGRESSIVE;
				CLANG_WARN_UNREACHABLE_CODE = YES;
				CLANG_WARN__DUPLICATE_METHOD_MATCH = YES;
				COPY_PHASE_STRIP = NO;
				DEBUG_INFORMATION_FORMAT = "dwarf-with-dsym";
				ENABLE_NS_ASSERTIONS = NO;
				ENABLE_STRICT_OBJC_MSGSEND = YES;
				GCC_C_LANGUAGE_STANDARD = gnu11;
				GCC_NO_COMMON_BLOCKS = YES;
				GCC_WARN_64_TO_32_BIT_CONVERSION = YES;
				GCC_WARN_ABOUT_RETURN_TYPE = YES_ERROR;
				GCC_WARN_UNDECLARED_SELECTOR = YES;
				GCC_WARN_UNINITIALIZED_AUTOS = YES_AGGRESSIVE;
				GCC_WARN_UNUSED_FUNCTION = YES;
				GCC_WARN_UNUSED_VARIABLE = YES;
				IPHONEOS_DEPLOYMENT_TARGET = 14.2;
				MTL_ENABLE_DEBUG_INFO = NO;
				MTL_FAST_MATH = YES;
				SDKROOT = iphoneos;
				SWIFT_COMPILATION_MODE = wholemodule;
				SWIFT_OPTIMIZATION_LEVEL = "-O";
				VALIDATE_PRODUCT = YES;
			};
			name = Release;
		};
		4C9B7EA12628971A000F02AA /* Debug */ = {
			isa = XCBuildConfiguration;
			buildSettings = {
				ASSETCATALOG_COMPILER_APPICON_NAME = AppIcon;
				ASSETCATALOG_COMPILER_GLOBAL_ACCENT_COLOR_NAME = AccentColor;
				CODE_SIGN_STYLE = Automatic;
				DEVELOPMENT_TEAM = 96K8QMWFA5;
				INFOPLIST_FILE = GitHubSearchTask/Info.plist;
				LD_RUNPATH_SEARCH_PATHS = (
					"$(inherited)",
					"@executable_path/Frameworks",
				);
				PRODUCT_BUNDLE_IDENTIFIER = TestTask.GitHubSearchTask;
				PRODUCT_NAME = "$(TARGET_NAME)";
				SWIFT_VERSION = 5.0;
				TARGETED_DEVICE_FAMILY = 1;
			};
			name = Debug;
		};
		4C9B7EA22628971A000F02AA /* Release */ = {
			isa = XCBuildConfiguration;
			buildSettings = {
				ASSETCATALOG_COMPILER_APPICON_NAME = AppIcon;
				ASSETCATALOG_COMPILER_GLOBAL_ACCENT_COLOR_NAME = AccentColor;
				CODE_SIGN_STYLE = Automatic;
				DEVELOPMENT_TEAM = 96K8QMWFA5;
				INFOPLIST_FILE = GitHubSearchTask/Info.plist;
				LD_RUNPATH_SEARCH_PATHS = (
					"$(inherited)",
					"@executable_path/Frameworks",
				);
				PRODUCT_BUNDLE_IDENTIFIER = TestTask.GitHubSearchTask;
				PRODUCT_NAME = "$(TARGET_NAME)";
				SWIFT_VERSION = 5.0;
				TARGETED_DEVICE_FAMILY = 1;
			};
			name = Release;
		};
/* End XCBuildConfiguration section */

/* Begin XCConfigurationList section */
		4C9B7E8726289716000F02AA /* Build configuration list for PBXProject "GitHubSearchTask" */ = {
			isa = XCConfigurationList;
			buildConfigurations = (
				4C9B7E9E2628971A000F02AA /* Debug */,
				4C9B7E9F2628971A000F02AA /* Release */,
			);
			defaultConfigurationIsVisible = 0;
			defaultConfigurationName = Release;
		};
		4C9B7EA02628971A000F02AA /* Build configuration list for PBXNativeTarget "GitHubSearchTask" */ = {
			isa = XCConfigurationList;
			buildConfigurations = (
				4C9B7EA12628971A000F02AA /* Debug */,
				4C9B7EA22628971A000F02AA /* Release */,
			);
			defaultConfigurationIsVisible = 0;
			defaultConfigurationName = Release;
		};
/* End XCConfigurationList section */
	};
	rootObject = 4C9B7E8426289716000F02AA /* Project object */;
}
